{
  "object": {
    "pins": [
      {
        "package": "Utils",
        "repositoryURL": "https://github.com/Albert-Grislis/Utils",
        "state": {
          "branch": "main",
          "revision": "40a32d85b241ceda4fb4565ca3e3c4f0e1e0de39",
          "version": null
        }
      }
    ]
  },
  "version": 1
}
