{
  "object": {
    "pins": [
      {
        "package": "Utils",
        "repositoryURL": "https://github.com/Albert-Grislis/Utils",
        "state": {
          "branch": "main",
          "revision": "46e3db84da3e2ba55110f44e5bbe94aff547e52b",
          "version": null
        }
      }
    ]
  },
  "version": 1
}
