{
  "object": {
    "pins": [
      {
        "package": "Utils",
        "repositoryURL": "https://github.com/Albert-Grislis/Utils",
        "state": {
          "branch": "main",
          "revision": "3f42e77fc680771b0e1d7cc11e3dbcdae6a17930",
          "version": null
        }
      }
    ]
  },
  "version": 1
}
